
Microsoft Visual Studio Solution File, Format Version 12.00
# Visual Studio 15
VisualStudioVersion = 15.0.28307.168
MinimumVisualStudioVersion = 10.0.40219.1
Project("{FAE04EC0-301F-11D3-BF4B-00C04F79EFBC}") = "AutoComplete", "AutoComplete\AutoComplete.csproj", "{1CF1E0ED-C1B9-4424-9F07-248F4E339B63}"
EndProject
Global
	GlobalSection(SolutionConfigurationPlatforms) = preSolution
		Debug|Any CPU = Debug|Any CPU
		Release|Any CPU = Release|Any CPU
	EndGlobalSection
	GlobalSection(ProjectConfigurationPlatforms) = postSolution
		{1CF1E0ED-C1B9-4424-9F07-248F4E339B63}.Debug|Any CPU.ActiveCfg = Debug|Any CPU
		{1CF1E0ED-C1B9-4424-9F07-248F4E339B63}.Debug|Any CPU.Build.0 = Debug|Any CPU
		{1CF1E0ED-C1B9-4424-9F07-248F4E339B63}.Release|Any CPU.ActiveCfg = Release|Any CPU
		{1CF1E0ED-C1B9-4424-9F07-248F4E339B63}.Release|Any CPU.Build.0 = Release|Any CPU
	EndGlobalSection
	GlobalSection(SolutionProperties) = preSolution
		HideSolutionNode = FALSE
	EndGlobalSection
	GlobalSection(ExtensibilityGlobals) = postSolution
		SolutionGuid = {F3B8BCA6-E5DB-401B-913C-324FF46C8AC5}
	EndGlobalSection
EndGlobal
